
Microsoft Visual Studio Solution File, Format Version 12.00
# Visual Studio 14
VisualStudioVersion = 14.0.25420.1
MinimumVisualStudioVersion = 10.0.40219.1
Project("{8BC9CEB8-8B4A-11D0-8D11-00A0C91BC942}") = "GKMSCAWrapper", "GKMSCAWrapper\GKMSCAWrapper\GKMSCAWrapper.vcxproj", "{509D33DA-2B8C-4B9A-A5CB-954C7D110272}"
EndProject
Project("{FAE04EC0-301F-11D3-BF4B-00C04F79EFBC}") = "MSCACleaner", "MSCACleaner\MSCACleaner.csproj", "{30A18A23-B91D-4459-8896-8C7A2A2B3D31}"
EndProject
Global
	GlobalSection(SolutionConfigurationPlatforms) = preSolution
		Debug|Win32 = Debug|Win32
		Debug|x64 = Debug|x64
		Release|Win32 = Release|Win32
		Release|x64 = Release|x64
		Remote Debug|Win32 = Remote Debug|Win32
		Remote Debug|x64 = Remote Debug|x64
	EndGlobalSection
	GlobalSection(ProjectConfigurationPlatforms) = postSolution
		{509D33DA-2B8C-4B9A-A5CB-954C7D110272}.Debug|Win32.ActiveCfg = Debug|Win32
		{509D33DA-2B8C-4B9A-A5CB-954C7D110272}.Debug|Win32.Build.0 = Debug|Win32
		{509D33DA-2B8C-4B9A-A5CB-954C7D110272}.Debug|x64.ActiveCfg = Debug|x64
		{509D33DA-2B8C-4B9A-A5CB-954C7D110272}.Debug|x64.Build.0 = Debug|x64
		{509D33DA-2B8C-4B9A-A5CB-954C7D110272}.Release|Win32.ActiveCfg = Release|Win32
		{509D33DA-2B8C-4B9A-A5CB-954C7D110272}.Release|Win32.Build.0 = Release|Win32
		{509D33DA-2B8C-4B9A-A5CB-954C7D110272}.Release|x64.ActiveCfg = Release|x64
		{509D33DA-2B8C-4B9A-A5CB-954C7D110272}.Release|x64.Build.0 = Release|x64
		{509D33DA-2B8C-4B9A-A5CB-954C7D110272}.Remote Debug|Win32.ActiveCfg = Remote Debug|Win32
		{509D33DA-2B8C-4B9A-A5CB-954C7D110272}.Remote Debug|Win32.Build.0 = Remote Debug|Win32
		{509D33DA-2B8C-4B9A-A5CB-954C7D110272}.Remote Debug|x64.ActiveCfg = Remote Debug|x64
		{509D33DA-2B8C-4B9A-A5CB-954C7D110272}.Remote Debug|x64.Build.0 = Remote Debug|x64
		{30A18A23-B91D-4459-8896-8C7A2A2B3D31}.Debug|Win32.ActiveCfg = Debug|Any CPU
		{30A18A23-B91D-4459-8896-8C7A2A2B3D31}.Debug|x64.ActiveCfg = Debug|x64
		{30A18A23-B91D-4459-8896-8C7A2A2B3D31}.Debug|x64.Build.0 = Debug|x64
		{30A18A23-B91D-4459-8896-8C7A2A2B3D31}.Release|Win32.ActiveCfg = Release|x86
		{30A18A23-B91D-4459-8896-8C7A2A2B3D31}.Release|Win32.Build.0 = Release|x86
		{30A18A23-B91D-4459-8896-8C7A2A2B3D31}.Release|x64.ActiveCfg = Release|x64
		{30A18A23-B91D-4459-8896-8C7A2A2B3D31}.Release|x64.Build.0 = Release|x64
		{30A18A23-B91D-4459-8896-8C7A2A2B3D31}.Remote Debug|Win32.ActiveCfg = Remote Debug|Any CPU
		{30A18A23-B91D-4459-8896-8C7A2A2B3D31}.Remote Debug|x64.ActiveCfg = Remote Debug|x64
		{30A18A23-B91D-4459-8896-8C7A2A2B3D31}.Remote Debug|x64.Build.0 = Remote Debug|x64
	EndGlobalSection
	GlobalSection(SolutionProperties) = preSolution
		HideSolutionNode = FALSE
	EndGlobalSection
EndGlobal
